
Microsoft Visual Studio Solution File, Format Version 12.00
# Visual Studio Version 17
VisualStudioVersion = 17.7.34221.43
MinimumVisualStudioVersion = 10.0.40219.1
Project("{FAE04EC0-301F-11D3-BF4B-00C04F79EFBC}") = "Cars", "Cars\Cars.csproj", "{F755CA3A-D8C0-4A48-8C65-13F0D751EAC7}"
EndProject
Global
	GlobalSection(SolutionConfigurationPlatforms) = preSolution
		Debug|Any CPU = Debug|Any CPU
		Release|Any CPU = Release|Any CPU
	EndGlobalSection
	GlobalSection(ProjectConfigurationPlatforms) = postSolution
		{F755CA3A-D8C0-4A48-8C65-13F0D751EAC7}.Debug|Any CPU.ActiveCfg = Debug|Any CPU
		{F755CA3A-D8C0-4A48-8C65-13F0D751EAC7}.Debug|Any CPU.Build.0 = Debug|Any CPU
		{F755CA3A-D8C0-4A48-8C65-13F0D751EAC7}.Release|Any CPU.ActiveCfg = Release|Any CPU
		{F755CA3A-D8C0-4A48-8C65-13F0D751EAC7}.Release|Any CPU.Build.0 = Release|Any CPU
	EndGlobalSection
	GlobalSection(SolutionProperties) = preSolution
		HideSolutionNode = FALSE
	EndGlobalSection
	GlobalSection(ExtensibilityGlobals) = postSolution
		SolutionGuid = {68ACD12D-F68B-4B2A-BE4F-34536968DDD3}
	EndGlobalSection
EndGlobal
